{
  "name": "CueCrypto",
  "version": "1.0.0",
  "lockfileVersion": 1,
  "requires": true,
  "dependencies": {
    "crypto-price": {
      "version": "0.0.6",
      "resolved": "https://registry.npmjs.org/crypto-price/-/crypto-price-0.0.6.tgz",
      "integrity": "sha512-GQFAnyUxS/NsEB9NyqNIvFn3to/bJR3BtNBK3+qNUL6EHUd1UM3z3wo83SaABpgjj2RTpSheRIXtUWwTsJqmig==",
      "requires": {
        "node-fetch": "^2.1.2"
      }
    },
    "cue-sdk": {
      "version": "1.6.0",
      "resolved": "https://registry.npmjs.org/cue-sdk/-/cue-sdk-1.6.0.tgz",
      "integrity": "sha512-9EI7zv9e0p3McjrjY44TwtekCUW/tY+ge54pOGRg37YvUKaQ9Cv6Ycvotj3u8v3ePl2JD0RkNlTmUJiQ+uZKIw==",
      "requires": {
        "node-addon-api": "3.0.2",
        "node-gyp-build": "4.2.3"
      }
    },
    "node-addon-api": {
      "version": "3.0.2",
      "resolved": "https://registry.npmjs.org/node-addon-api/-/node-addon-api-3.0.2.tgz",
      "integrity": "sha512-+D4s2HCnxPd5PjjI0STKwncjXTUKKqm74MDMz9OPXavjsGmjkvwgLtA5yoxJUdmpj52+2u+RrXgPipahKczMKg=="
    },
    "node-fetch": {
      "version": "2.6.1",
      "resolved": "https://registry.npmjs.org/node-fetch/-/node-fetch-2.6.1.tgz",
      "integrity": "sha512-V4aYg89jEoVRxRb2fJdAg8FHvI7cEyYdVAh94HH0UIK8oJxUfkjlDQN9RbMx+bEjP7+ggMiFRprSti032Oipxw=="
    },
    "node-gyp-build": {
      "version": "4.2.3",
      "resolved": "https://registry.npmjs.org/node-gyp-build/-/node-gyp-build-4.2.3.tgz",
      "integrity": "sha512-MN6ZpzmfNCRM+3t57PTJHgHyw/h4OWnZ6mR8P5j/uZtqQr46RRuDE/P+g3n0YR/AiYXeWixZZzaip77gdICfRg=="
    }
  }
}
